{
  "nodes": {
    "catppuccin-grub": {
      "flake": false,
      "locked": {
        "lastModified": 1662562599,
        "narHash": "sha256-BIdKhHdbtQom4kyIWUrse+3WfnYvze/tm5HGNQxeOzU=",
        "owner": "catppuccin",
        "repo": "grub",
        "rev": "fc5fba2896db095aee7b0d6442307c3035a24fa7",
        "type": "github"
      },
      "original": {
        "owner": "catppuccin",
        "repo": "grub",
        "type": "github"
      }
    },
    "home-manager": {
      "inputs": {
        "nixpkgs": [
          "nixpkgs"
        ],
        "utils": "utils"
      },
      "locked": {
        "lastModified": 1661824092,
        "narHash": "sha256-nSWLWytlXbeLrx5A+r5Pso7CvVrX5EgmIIXW/EXvPHQ=",
        "owner": "nix-community",
        "repo": "home-manager",
        "rev": "5bd66dc6cd967033489c69d486402b75d338eeb6",
        "type": "github"
      },
      "original": {
        "owner": "nix-community",
        "repo": "home-manager",
        "type": "github"
      }
    },
    "hyprland": {
      "inputs": {
        "nixpkgs": [
          "nixpkgs"
        ],
        "wlroots": "wlroots"
      },
      "locked": {
        "lastModified": 1662238192,
        "narHash": "sha256-3kOXDjzwP9aO412+R1EJW+E2wM+yCPjUDDDtnFoKgUw=",
        "owner": "hyprwm",
        "repo": "Hyprland",
        "rev": "fbd2b4799d9c205cb0283432ef9ae3778ff68aa7",
        "type": "github"
      },
      "original": {
        "owner": "hyprwm",
        "repo": "Hyprland",
        "type": "github"
      }
    },
    "impermanence": {
      "locked": {
        "lastModified": 1661933071,
        "narHash": "sha256-RFgfzldpbCvS+H2qwH+EvNejvqs+NhPVD5j1I7HQQPY=",
        "owner": "nix-community",
        "repo": "impermanence",
        "rev": "def994adbdfc28974e87b0e4c949e776207d5557",
        "type": "github"
      },
      "original": {
        "owner": "nix-community",
        "repo": "impermanence",
        "type": "github"
      }
    },
    "nix-gaming": {
      "inputs": {
        "nixpkgs": [
          "nixpkgs"
        ]
      },
      "locked": {
        "lastModified": 1662158202,
        "narHash": "sha256-3WnsVErhiJ4IWhgaiXU6KlAa9M+42qj3PwE30oFdqPY=",
        "owner": "fufexan",
        "repo": "nix-gaming",
        "rev": "39836e019480c2fee5e7b0b1cd671139e233ae43",
        "type": "github"
      },
      "original": {
        "owner": "fufexan",
        "repo": "nix-gaming",
        "type": "github"
      }
    },
    "nixpkgs": {
      "locked": {
        "lastModified": 1662019588,
        "narHash": "sha256-oPEjHKGGVbBXqwwL+UjsveJzghWiWV0n9ogo1X6l4cw=",
        "owner": "NixOS",
        "repo": "nixpkgs",
        "rev": "2da64a81275b68fdad38af669afeda43d401e94b",
        "type": "github"
      },
      "original": {
        "owner": "NixOS",
        "ref": "nixos-unstable",
        "repo": "nixpkgs",
        "type": "github"
      }
    },
    "nixpkgs-22_05": {
      "locked": {
        "lastModified": 1662221733,
        "narHash": "sha256-dw1xjYyQ0JidXIpzeQh/gQX+ih1sJO1zBHKs5QSYp8Q=",
        "owner": "NixOS",
        "repo": "nixpkgs",
        "rev": "013e8d86d9a3f33074c903c8ffcab0d34087b1ed",
        "type": "github"
      },
      "original": {
        "owner": "NixOS",
        "ref": "release-22.05",
        "repo": "nixpkgs",
        "type": "github"
      }
    },
    "root": {
      "inputs": {
        "catppuccin-grub": "catppuccin-grub",
        "home-manager": "home-manager",
        "hyprland": "hyprland",
        "impermanence": "impermanence",
        "nix-gaming": "nix-gaming",
        "nixpkgs": "nixpkgs",
        "sops-nix": "sops-nix"
      }
    },
    "sops-nix": {
      "inputs": {
        "nixpkgs": [
          "nixpkgs"
        ],
        "nixpkgs-22_05": "nixpkgs-22_05"
      },
      "locked": {
        "lastModified": 1662390490,
        "narHash": "sha256-HnFHRFu0eoB0tLOZRjLgVfHzK+4bQzAmAmHSzOquuyI=",
        "owner": "Mic92",
        "repo": "sops-nix",
        "rev": "044ccfe24b349859cd9efc943e4465cc993ac84e",
        "type": "github"
      },
      "original": {
        "owner": "Mic92",
        "repo": "sops-nix",
        "type": "github"
      }
    },
    "utils": {
      "locked": {
        "lastModified": 1653893745,
        "narHash": "sha256-0jntwV3Z8//YwuOjzhV2sgJJPt+HY6KhU7VZUL0fKZQ=",
        "owner": "numtide",
        "repo": "flake-utils",
        "rev": "1ed9fb1935d260de5fe1c2f7ee0ebaae17ed2fa1",
        "type": "github"
      },
      "original": {
        "owner": "numtide",
        "repo": "flake-utils",
        "type": "github"
      }
    },
    "wlroots": {
      "flake": false,
      "locked": {
        "host": "gitlab.freedesktop.org",
        "lastModified": 1661882030,
        "narHash": "sha256-Kw0MG4rXdTnbndVLLCNwkXDmNszwdQZmm7pwI1R3Kds=",
        "owner": "wlroots",
        "repo": "wlroots",
        "rev": "fd0b0276c9ecc159549acff48b932b83ec3b4f12",
        "type": "gitlab"
      },
      "original": {
        "host": "gitlab.freedesktop.org",
        "owner": "wlroots",
        "repo": "wlroots",
        "type": "gitlab"
      }
    }
  },
  "root": "root",
  "version": 7
}
