{
  "nodes": {
    "catppuccin-fish": {
      "flake": false,
      "locked": {
        "lastModified": 1665489199,
        "narHash": "sha256-GLb1BkN0nQ4M60JcVIGMnr9C7RKhpev5FUoQjZS5G2A=",
        "owner": "catppuccin",
        "repo": "fish",
        "rev": "0fd0c48a844636c6082f633cc4f2800abb4b6413",
        "type": "github"
      },
      "original": {
        "owner": "catppuccin",
        "repo": "fish",
        "type": "github"
      }
    },
    "catppuccin-grub": {
      "flake": false,
      "locked": {
        "lastModified": 1664239314,
        "narHash": "sha256-op6Hu6qpErezhcSzI3D/lOTK+YMXrfvSVZKWx3VHMtk=",
        "owner": "catppuccin",
        "repo": "grub",
        "rev": "81e68949ffca426302c2e0387d861505b9ad8ce2",
        "type": "github"
      },
      "original": {
        "owner": "catppuccin",
        "repo": "grub",
        "type": "github"
      }
    },
    "catppuccin-gtk-macchiato-mauve": {
      "flake": false,
      "locked": {
        "narHash": "sha256-M6BoZY0Kp06X7WE6x3Vg3V+NOkybHemoC34wXwCBUfk=",
        "type": "file",
        "url": "https://github.com/catppuccin/gtk/raw/main/Releases/Catppuccin-Macchiato-Mauve.zip"
      },
      "original": {
        "type": "file",
        "url": "https://github.com/catppuccin/gtk/raw/main/Releases/Catppuccin-Macchiato-Mauve.zip"
      }
    },
    "catppuccin-mako": {
      "flake": false,
      "locked": {
        "lastModified": 1664239314,
        "narHash": "sha256-J2PaPfBBWcqixQGo3eNVvLz2EZWD92RfD0MfbEDK/wA=",
        "owner": "catppuccin",
        "repo": "mako",
        "rev": "64ef71633528b50e5475755e50071584b54fa291",
        "type": "github"
      },
      "original": {
        "owner": "catppuccin",
        "repo": "mako",
        "type": "github"
      }
    },
    "catppuccin-papirus-folders": {
      "flake": false,
      "locked": {
        "lastModified": 1664547520,
        "narHash": "sha256-9IRGxQ3IyOIaXSMKYdZIbuhPNzmuT/zIcAAmyPbXktk=",
        "owner": "catppuccin",
        "repo": "papirus-folders",
        "rev": "5b1e93fa40cbc63e158ac4aa4f453e8028941ab4",
        "type": "github"
      },
      "original": {
        "owner": "catppuccin",
        "repo": "papirus-folders",
        "type": "github"
      }
    },
    "catppuccin-rofi": {
      "flake": false,
      "locked": {
        "lastModified": 1665844372,
        "narHash": "sha256-+JGthqmyycHXd025bpLFfNS4yo4nV/xeF4DlCov+j/M=",
        "owner": "catppuccin",
        "repo": "rofi",
        "rev": "e46785bb2619d80a9890e6e22ffb7fb247262a1d",
        "type": "github"
      },
      "original": {
        "owner": "catppuccin",
        "repo": "rofi",
        "type": "github"
      }
    },
    "catppuccin-waybar": {
      "flake": false,
      "locked": {
        "lastModified": 1666096610,
        "narHash": "sha256-DalT8UUEfLY1cWWwF/Z40W2I78y+Ie20SUig1ynQcN4=",
        "owner": "catppuccin",
        "repo": "waybar",
        "rev": "eed752647a042093d68053953a17bef0912d067e",
        "type": "github"
      },
      "original": {
        "owner": "catppuccin",
        "repo": "waybar",
        "type": "github"
      }
    },
    "catppuccin-zathura": {
      "flake": false,
      "locked": {
        "lastModified": 1664239314,
        "narHash": "sha256-5Vh2bVabuBluVCJm9vfdnjnk32CtsK7wGIWM5+XnacM=",
        "owner": "catppuccin",
        "repo": "zathura",
        "rev": "d85d8750acd0b0247aa10e0653998180391110a4",
        "type": "github"
      },
      "original": {
        "owner": "catppuccin",
        "repo": "zathura",
        "type": "github"
      }
    },
    "flake-compat": {
      "flake": false,
      "locked": {
        "lastModified": 1650374568,
        "narHash": "sha256-Z+s0J8/r907g149rllvwhb4pKi8Wam5ij0st8PwAh+E=",
        "owner": "edolstra",
        "repo": "flake-compat",
        "rev": "b4a34015c698c7793d592d66adbab377907a2be8",
        "type": "github"
      },
      "original": {
        "owner": "edolstra",
        "repo": "flake-compat",
        "type": "github"
      }
    },
    "flake-utils": {
      "locked": {
        "lastModified": 1659877975,
        "narHash": "sha256-zllb8aq3YO3h8B/U0/J1WBgAL8EX5yWf5pMj3G0NAmc=",
        "owner": "numtide",
        "repo": "flake-utils",
        "rev": "c0e246b9b83f637f4681389ecabcb2681b4f3af0",
        "type": "github"
      },
      "original": {
        "owner": "numtide",
        "repo": "flake-utils",
        "type": "github"
      }
    },
    "home-manager": {
      "inputs": {
        "nixpkgs": [
          "nixpkgs"
        ],
        "utils": "utils"
      },
      "locked": {
        "lastModified": 1668332334,
        "narHash": "sha256-YT1qcE/MCqBO1Bi/Yr6GcFpNKsvmzrBKh8juyXDbxQc=",
        "owner": "nix-community",
        "repo": "home-manager",
        "rev": "bc90de24d898655542589237cc0a6ada7564cb6c",
        "type": "github"
      },
      "original": {
        "owner": "nix-community",
        "repo": "home-manager",
        "type": "github"
      }
    },
    "hyprland": {
      "inputs": {
        "nixpkgs": [
          "nixpkgs"
        ],
        "wlroots": "wlroots"
      },
      "locked": {
        "lastModified": 1668508745,
        "narHash": "sha256-IEPCbTcD3u8NYVwpx1GvyPExyhNTyxkhUs8Y3yGwYgg=",
        "owner": "hyprwm",
        "repo": "Hyprland",
        "rev": "d5eafe192649b290fd587b41f772887058f7418b",
        "type": "github"
      },
      "original": {
        "owner": "hyprwm",
        "repo": "Hyprland",
        "type": "github"
      }
    },
    "impermanence": {
      "locked": {
        "lastModified": 1668533526,
        "narHash": "sha256-fk8nMNR0LqhDPBXdHP3uQqnP4IO8E2YpcEvUruMUI3I=",
        "owner": "nix-community",
        "repo": "impermanence",
        "rev": "cd56321db5f3c88b3eb5320c1ddee46f29de592f",
        "type": "github"
      },
      "original": {
        "owner": "nix-community",
        "repo": "impermanence",
        "type": "github"
      }
    },
    "mali": {
      "flake": false,
      "locked": {
        "lastModified": 1603794906,
        "narHash": "sha256-GOi248zsd1Dl/zFErQMMBBEZEEOsnIlF0vxsmg0FX24=",
        "owner": "cadsondemak",
        "repo": "Mali",
        "rev": "7e11de1301bf785e1b06c24816242ba52dde805f",
        "type": "github"
      },
      "original": {
        "owner": "cadsondemak",
        "repo": "Mali",
        "type": "github"
      }
    },
    "neovim-flake": {
      "inputs": {
        "flake-utils": "flake-utils",
        "nixpkgs": [
          "neovim-nightly-overlay",
          "nixpkgs"
        ]
      },
      "locked": {
        "dir": "contrib",
        "lastModified": 1668470302,
        "narHash": "sha256-jRRNXWAG2/9wDVyvg+ypXXAX2rBUDJ41TsVaij+By4Q=",
        "owner": "neovim",
        "repo": "neovim",
        "rev": "74399738510cb880507cba14f71acc0a96e14327",
        "type": "github"
      },
      "original": {
        "dir": "contrib",
        "owner": "neovim",
        "repo": "neovim",
        "type": "github"
      }
    },
    "neovim-nightly-overlay": {
      "inputs": {
        "flake-compat": "flake-compat",
        "neovim-flake": "neovim-flake",
        "nixpkgs": "nixpkgs"
      },
      "locked": {
        "lastModified": 1668500267,
        "narHash": "sha256-yBFM8WTkCtlpnSL60OKgVlmlR5XBnL+KScChxrUqfqk=",
        "owner": "nix-community",
        "repo": "neovim-nightly-overlay",
        "rev": "2d2b433ff82ba78a808fa5328a127d315afac7ac",
        "type": "github"
      },
      "original": {
        "owner": "nix-community",
        "repo": "neovim-nightly-overlay",
        "type": "github"
      }
    },
    "nix-gaming": {
      "inputs": {
        "nixpkgs": [
          "nixpkgs"
        ]
      },
      "locked": {
        "lastModified": 1667666664,
        "narHash": "sha256-MKtN2/8E22SGRf8wroj3qYvhQEBVcsZJjYeX9eu+bt0=",
        "owner": "fufexan",
        "repo": "nix-gaming",
        "rev": "cc8ece45d1987d5187e2528b59f9136f6aa8f465",
        "type": "github"
      },
      "original": {
        "owner": "fufexan",
        "repo": "nix-gaming",
        "type": "github"
      }
    },
    "nixpkgs": {
      "locked": {
        "lastModified": 1668443372,
        "narHash": "sha256-lXNlVyNWwO22/JUdBtUWz68jZB3DM+Jq/irlsbwncI0=",
        "owner": "nixos",
        "repo": "nixpkgs",
        "rev": "dad4de1694cd92d9a0e123bfdf134d0047b836a5",
        "type": "github"
      },
      "original": {
        "owner": "nixos",
        "ref": "nixpkgs-unstable",
        "repo": "nixpkgs",
        "type": "github"
      }
    },
    "nixpkgs-22_05": {
      "locked": {
        "lastModified": 1668307144,
        "narHash": "sha256-uY2StvGJvTfgtLaiz3uvX+EQeWZDkiLFiz2vekgJ9ZE=",
        "owner": "NixOS",
        "repo": "nixpkgs",
        "rev": "eac99848dfd869e486573d8272b0c10729675ca2",
        "type": "github"
      },
      "original": {
        "owner": "NixOS",
        "ref": "release-22.05",
        "repo": "nixpkgs",
        "type": "github"
      }
    },
    "nixpkgs_2": {
      "locked": {
        "lastModified": 1668417584,
        "narHash": "sha256-yeuEyxKPwsm5fIHN49L/syn9g5coxnPp3GsVquhrv5A=",
        "owner": "NixOS",
        "repo": "nixpkgs",
        "rev": "013fcdd106823416918004bb684c3c186d3c460f",
        "type": "github"
      },
      "original": {
        "owner": "NixOS",
        "ref": "nixos-unstable",
        "repo": "nixpkgs",
        "type": "github"
      }
    },
    "pvtpkgs": {
      "inputs": {
        "catppuccin-fish": "catppuccin-fish",
        "catppuccin-gtk-macchiato-mauve": "catppuccin-gtk-macchiato-mauve",
        "catppuccin-mako": "catppuccin-mako",
        "catppuccin-papirus-folders": "catppuccin-papirus-folders",
        "catppuccin-rofi": "catppuccin-rofi",
        "catppuccin-waybar": "catppuccin-waybar",
        "catppuccin-zathura": "catppuccin-zathura",
        "mali": "mali",
        "sddm-sugar-candy": "sddm-sugar-candy",
        "tint-nvim": "tint-nvim",
        "wlsunset": "wlsunset"
      },
      "locked": {
        "lastModified": 1,
        "narHash": "sha256-6FFGEgKP91a2cEeoOmlJcvtHTl9a7XVMpZFgrJzYQAc=",
        "path": "/nix/store/vs89sbngcv6mriycx3kbk3qyh7r4ybly-source/pkgs",
        "type": "path"
      },
      "original": {
        "path": "/nix/store/vs89sbngcv6mriycx3kbk3qyh7r4ybly-source/pkgs",
        "type": "path"
      }
    },
    "root": {
      "inputs": {
        "catppuccin-grub": "catppuccin-grub",
        "home-manager": "home-manager",
        "hyprland": "hyprland",
        "impermanence": "impermanence",
        "neovim-nightly-overlay": "neovim-nightly-overlay",
        "nix-gaming": "nix-gaming",
        "nixpkgs": "nixpkgs_2",
        "pvtpkgs": "pvtpkgs",
        "sops-nix": "sops-nix"
      }
    },
    "sddm-sugar-candy": {
      "flake": false,
      "locked": {
        "lastModified": 1580585463,
        "narHash": "sha256-XggFVsEXLYklrfy1ElkIp9fkTw4wvXbyVkaVCZq4ZLU=",
        "ref": "refs/heads/master",
        "rev": "2b72ef6c6f720fe0ffde5ea5c7c48152e02f6c4f",
        "revCount": 53,
        "type": "git",
        "url": "https://framagit.org/MarianArlt/sddm-sugar-candy"
      },
      "original": {
        "type": "git",
        "url": "https://framagit.org/MarianArlt/sddm-sugar-candy"
      }
    },
    "sops-nix": {
      "inputs": {
        "nixpkgs": [
          "nixpkgs"
        ],
        "nixpkgs-22_05": "nixpkgs-22_05"
      },
      "locked": {
        "lastModified": 1668311578,
        "narHash": "sha256-nF6mwSbVyvnlIICWFZlADegWdTsgrk1pZnA/0VqByNw=",
        "owner": "Mic92",
        "repo": "sops-nix",
        "rev": "39f0fe57f1ef78764c1abc1de145f091fee1bbbb",
        "type": "github"
      },
      "original": {
        "owner": "Mic92",
        "repo": "sops-nix",
        "type": "github"
      }
    },
    "tint-nvim": {
      "flake": false,
      "locked": {
        "lastModified": 1664292894,
        "narHash": "sha256-4I+48RvyDyXR6+Slqqsx0fWMG9s9AbgnzTDkmm2Kyzk=",
        "owner": "levouh",
        "repo": "tint.nvim",
        "rev": "f6a259861ba8c0d88afc2ef05140ddf345eb0296",
        "type": "github"
      },
      "original": {
        "owner": "levouh",
        "repo": "tint.nvim",
        "type": "github"
      }
    },
    "utils": {
      "locked": {
        "lastModified": 1667395993,
        "narHash": "sha256-nuEHfE/LcWyuSWnS8t12N1wc105Qtau+/OdUAjtQ0rA=",
        "owner": "numtide",
        "repo": "flake-utils",
        "rev": "5aed5285a952e0b949eb3ba02c12fa4fcfef535f",
        "type": "github"
      },
      "original": {
        "owner": "numtide",
        "repo": "flake-utils",
        "type": "github"
      }
    },
    "wlroots": {
      "flake": false,
      "locked": {
        "host": "gitlab.freedesktop.org",
        "lastModified": 1668292512,
        "narHash": "sha256-lCMnIguyZgAGq7W2IwIVPoQS8fAfZ/XFwz/1TQ53eI8=",
        "owner": "wlroots",
        "repo": "wlroots",
        "rev": "627a5c511278e67c3c308cdc6a639cbb490f48c3",
        "type": "gitlab"
      },
      "original": {
        "host": "gitlab.freedesktop.org",
        "owner": "wlroots",
        "repo": "wlroots",
        "type": "gitlab"
      }
    },
    "wlsunset": {
      "flake": false,
      "locked": {
        "lastModified": 1651655395,
        "narHash": "sha256-JxcZQ67eCvp9edE2EulIF8dAEGbyNyKaca9njE3AIBg=",
        "owner": "~kennylevinsen",
        "repo": "wlsunset",
        "rev": "cee422b440b63a1ee3913872674e95486c37f84e",
        "type": "sourcehut"
      },
      "original": {
        "owner": "~kennylevinsen",
        "repo": "wlsunset",
        "type": "sourcehut"
      }
    }
  },
  "root": "root",
  "version": 7
}
